
Microsoft Visual Studio Solution File, Format Version 12.00
# Visual Studio Version 17
VisualStudioVersion = 17.2.32210.308
MinimumVisualStudioVersion = 10.0.40219.1
Project("{9A19103F-16F7-4668-BE54-9A1E7A4F7556}") = "Blauhaus.Auth.Abstractions", "Blauhaus.Auth.Abstractions\Blauhaus.Auth.Abstractions.csproj", "{3D2F24CA-1A78-4AD0-9E35-9C5B79C97424}"
EndProject
Project("{9A19103F-16F7-4668-BE54-9A1E7A4F7556}") = "Blauhaus.Auth.Client.Azure", "Blauhaus.Auth.Client.Azure\Blauhaus.Auth.Client.Azure.csproj", "{372EA97E-2F23-4BD8-ADEE-02A9028AE2B1}"
EndProject
Project("{9A19103F-16F7-4668-BE54-9A1E7A4F7556}") = "Blauhaus.Auth.Server.Azure", "Blauhaus.Auth.Server.Azure\Blauhaus.Auth.Server.Azure.csproj", "{2A067203-8E16-46B2-BC37-1AFC527472B0}"
EndProject
Project("{9A19103F-16F7-4668-BE54-9A1E7A4F7556}") = "Blauhaus.Auth.Tests", "Blauhaus.Auth.Tests\Blauhaus.Auth.Tests.csproj", "{D7FB1681-5F5F-40CA-8C85-7CAE298D4EA6}"
EndProject
Project("{2150E333-8FDC-42A3-9474-1A3956D46DE8}") = "Solution Items", "Solution Items", "{6AF751F4-5A94-433B-8934-8AA81FA4DF63}"
	ProjectSection(SolutionItems) = preProject
		..\.github\workflows\blauhaus.yml = ..\.github\workflows\blauhaus.yml
		..\README.md = ..\README.md
	EndProjectSection
EndProject
Project("{9A19103F-16F7-4668-BE54-9A1E7A4F7556}") = "Blauhaus.Auth.TestHelpers", "Blauhaus.Auth.TestHelpers\Blauhaus.Auth.TestHelpers.csproj", "{1AA83382-CCF8-44DF-8E54-9F06C1447C31}"
EndProject
Project("{9A19103F-16F7-4668-BE54-9A1E7A4F7556}") = "Blauhaus.Auth.Common", "Blauhaus.Auth.Common\Blauhaus.Auth.Common.csproj", "{4A7047DB-883C-459A-A845-EDEED752023E}"
EndProject
Project("{FAE04EC0-301F-11D3-BF4B-00C04F79EFBC}") = "Blauhaus.Auth.Server.Jwt", "Blauhaus.Auth.Server.Jwt\Blauhaus.Auth.Server.Jwt.csproj", "{B64C6195-FF33-4561-A775-1CC0882D22C2}"
EndProject
Global
	GlobalSection(SolutionConfigurationPlatforms) = preSolution
		Debug|Any CPU = Debug|Any CPU
		Release|Any CPU = Release|Any CPU
	EndGlobalSection
	GlobalSection(ProjectConfigurationPlatforms) = postSolution
		{3D2F24CA-1A78-4AD0-9E35-9C5B79C97424}.Debug|Any CPU.ActiveCfg = Debug|Any CPU
		{3D2F24CA-1A78-4AD0-9E35-9C5B79C97424}.Debug|Any CPU.Build.0 = Debug|Any CPU
		{3D2F24CA-1A78-4AD0-9E35-9C5B79C97424}.Release|Any CPU.ActiveCfg = Release|Any CPU
		{3D2F24CA-1A78-4AD0-9E35-9C5B79C97424}.Release|Any CPU.Build.0 = Release|Any CPU
		{372EA97E-2F23-4BD8-ADEE-02A9028AE2B1}.Debug|Any CPU.ActiveCfg = Debug|Any CPU
		{372EA97E-2F23-4BD8-ADEE-02A9028AE2B1}.Debug|Any CPU.Build.0 = Debug|Any CPU
		{372EA97E-2F23-4BD8-ADEE-02A9028AE2B1}.Release|Any CPU.ActiveCfg = Release|Any CPU
		{372EA97E-2F23-4BD8-ADEE-02A9028AE2B1}.Release|Any CPU.Build.0 = Release|Any CPU
		{2A067203-8E16-46B2-BC37-1AFC527472B0}.Debug|Any CPU.ActiveCfg = Debug|Any CPU
		{2A067203-8E16-46B2-BC37-1AFC527472B0}.Debug|Any CPU.Build.0 = Debug|Any CPU
		{2A067203-8E16-46B2-BC37-1AFC527472B0}.Release|Any CPU.ActiveCfg = Release|Any CPU
		{2A067203-8E16-46B2-BC37-1AFC527472B0}.Release|Any CPU.Build.0 = Release|Any CPU
		{D7FB1681-5F5F-40CA-8C85-7CAE298D4EA6}.Debug|Any CPU.ActiveCfg = Debug|Any CPU
		{D7FB1681-5F5F-40CA-8C85-7CAE298D4EA6}.Debug|Any CPU.Build.0 = Debug|Any CPU
		{D7FB1681-5F5F-40CA-8C85-7CAE298D4EA6}.Release|Any CPU.ActiveCfg = Release|Any CPU
		{D7FB1681-5F5F-40CA-8C85-7CAE298D4EA6}.Release|Any CPU.Build.0 = Release|Any CPU
		{1AA83382-CCF8-44DF-8E54-9F06C1447C31}.Debug|Any CPU.ActiveCfg = Debug|Any CPU
		{1AA83382-CCF8-44DF-8E54-9F06C1447C31}.Debug|Any CPU.Build.0 = Debug|Any CPU
		{1AA83382-CCF8-44DF-8E54-9F06C1447C31}.Release|Any CPU.ActiveCfg = Release|Any CPU
		{1AA83382-CCF8-44DF-8E54-9F06C1447C31}.Release|Any CPU.Build.0 = Release|Any CPU
		{4A7047DB-883C-459A-A845-EDEED752023E}.Debug|Any CPU.ActiveCfg = Debug|Any CPU
		{4A7047DB-883C-459A-A845-EDEED752023E}.Debug|Any CPU.Build.0 = Debug|Any CPU
		{4A7047DB-883C-459A-A845-EDEED752023E}.Release|Any CPU.ActiveCfg = Release|Any CPU
		{4A7047DB-883C-459A-A845-EDEED752023E}.Release|Any CPU.Build.0 = Release|Any CPU
		{B64C6195-FF33-4561-A775-1CC0882D22C2}.Debug|Any CPU.ActiveCfg = Debug|Any CPU
		{B64C6195-FF33-4561-A775-1CC0882D22C2}.Debug|Any CPU.Build.0 = Debug|Any CPU
		{B64C6195-FF33-4561-A775-1CC0882D22C2}.Release|Any CPU.ActiveCfg = Release|Any CPU
		{B64C6195-FF33-4561-A775-1CC0882D22C2}.Release|Any CPU.Build.0 = Release|Any CPU
	EndGlobalSection
	GlobalSection(SolutionProperties) = preSolution
		HideSolutionNode = FALSE
	EndGlobalSection
	GlobalSection(ExtensibilityGlobals) = postSolution
		SolutionGuid = {0DA47C16-62CD-4F52-8060-892D3FDE55B3}
	EndGlobalSection
EndGlobal
